
Microsoft Visual Studio Solution File, Format Version 12.00
# Visual Studio Version 17
VisualStudioVersion = 17.3.32825.248
MinimumVisualStudioVersion = 10.0.40219.1
Project("{FAE04EC0-301F-11D3-BF4B-00C04F79EFBC}") = "301154481Tran_Lab1", "301154481Tran_Lab1\301154481Tran_Lab1.csproj", "{628CBAA4-83AB-48C6-B151-3562AAF994DB}"
EndProject
Global
	GlobalSection(SolutionConfigurationPlatforms) = preSolution
		Debug|Any CPU = Debug|Any CPU
		Release|Any CPU = Release|Any CPU
	EndGlobalSection
	GlobalSection(ProjectConfigurationPlatforms) = postSolution
		{628CBAA4-83AB-48C6-B151-3562AAF994DB}.Debug|Any CPU.ActiveCfg = Debug|Any CPU
		{628CBAA4-83AB-48C6-B151-3562AAF994DB}.Debug|Any CPU.Build.0 = Debug|Any CPU
		{628CBAA4-83AB-48C6-B151-3562AAF994DB}.Release|Any CPU.ActiveCfg = Release|Any CPU
		{628CBAA4-83AB-48C6-B151-3562AAF994DB}.Release|Any CPU.Build.0 = Release|Any CPU
	EndGlobalSection
	GlobalSection(SolutionProperties) = preSolution
		HideSolutionNode = FALSE
	EndGlobalSection
	GlobalSection(ExtensibilityGlobals) = postSolution
		SolutionGuid = {A2BF4450-3A93-4985-BB9C-A02E1E77A368}
	EndGlobalSection
EndGlobal
